
Microsoft Visual Studio Solution File, Format Version 12.00
# Visual Studio Version 17
VisualStudioVersion = 17.7.34202.233
MinimumVisualStudioVersion = 10.0.40219.1
Project("{FAE04EC0-301F-11D3-BF4B-00C04F79EFBC}") = "AdoptMe.Web", "AdoptMe.Web\AdoptMe.Web.csproj", "{89B59E79-C074-47FE-87DA-CB16303FEC0D}"
EndProject
Project("{FAE04EC0-301F-11D3-BF4B-00C04F79EFBC}") = "AdoptMe.Test", "AdoptMe.Test\AdoptMe.Test.csproj", "{84A456FF-250E-4125-9D3E-2D14C40EEB43}"
EndProject
Project("{FAE04EC0-301F-11D3-BF4B-00C04F79EFBC}") = "AdoptMe.Service", "AdoptMe.Service\AdoptMe.Service.csproj", "{B63CF50E-C43B-49E3-A64F-695525B0951F}"
EndProject
Project("{FAE04EC0-301F-11D3-BF4B-00C04F79EFBC}") = "AdoptMe.Repository", "AdoptMe.Repository\AdoptMe.Repository.csproj", "{BDEF7DA4-9ACF-4283-AE99-FBE6020D90A8}"
EndProject
Project("{FAE04EC0-301F-11D3-BF4B-00C04F79EFBC}") = "AdoptMe.Common", "AdoptMe.Common\AdoptMe.Common.csproj", "{40820130-782E-4E99-9B5C-55BD15519AC6}"
EndProject
Global
	GlobalSection(SolutionConfigurationPlatforms) = preSolution
		Debug|Any CPU = Debug|Any CPU
		Release|Any CPU = Release|Any CPU
	EndGlobalSection
	GlobalSection(ProjectConfigurationPlatforms) = postSolution
		{89B59E79-C074-47FE-87DA-CB16303FEC0D}.Debug|Any CPU.ActiveCfg = Debug|Any CPU
		{89B59E79-C074-47FE-87DA-CB16303FEC0D}.Debug|Any CPU.Build.0 = Debug|Any CPU
		{89B59E79-C074-47FE-87DA-CB16303FEC0D}.Release|Any CPU.ActiveCfg = Release|Any CPU
		{89B59E79-C074-47FE-87DA-CB16303FEC0D}.Release|Any CPU.Build.0 = Release|Any CPU
		{84A456FF-250E-4125-9D3E-2D14C40EEB43}.Debug|Any CPU.ActiveCfg = Debug|Any CPU
		{84A456FF-250E-4125-9D3E-2D14C40EEB43}.Debug|Any CPU.Build.0 = Debug|Any CPU
		{84A456FF-250E-4125-9D3E-2D14C40EEB43}.Release|Any CPU.ActiveCfg = Release|Any CPU
		{84A456FF-250E-4125-9D3E-2D14C40EEB43}.Release|Any CPU.Build.0 = Release|Any CPU
		{B63CF50E-C43B-49E3-A64F-695525B0951F}.Debug|Any CPU.ActiveCfg = Debug|Any CPU
		{B63CF50E-C43B-49E3-A64F-695525B0951F}.Debug|Any CPU.Build.0 = Debug|Any CPU
		{B63CF50E-C43B-49E3-A64F-695525B0951F}.Release|Any CPU.ActiveCfg = Release|Any CPU
		{B63CF50E-C43B-49E3-A64F-695525B0951F}.Release|Any CPU.Build.0 = Release|Any CPU
		{BDEF7DA4-9ACF-4283-AE99-FBE6020D90A8}.Debug|Any CPU.ActiveCfg = Debug|Any CPU
		{BDEF7DA4-9ACF-4283-AE99-FBE6020D90A8}.Debug|Any CPU.Build.0 = Debug|Any CPU
		{BDEF7DA4-9ACF-4283-AE99-FBE6020D90A8}.Release|Any CPU.ActiveCfg = Release|Any CPU
		{BDEF7DA4-9ACF-4283-AE99-FBE6020D90A8}.Release|Any CPU.Build.0 = Release|Any CPU
		{40820130-782E-4E99-9B5C-55BD15519AC6}.Debug|Any CPU.ActiveCfg = Debug|Any CPU
		{40820130-782E-4E99-9B5C-55BD15519AC6}.Debug|Any CPU.Build.0 = Debug|Any CPU
		{40820130-782E-4E99-9B5C-55BD15519AC6}.Release|Any CPU.ActiveCfg = Release|Any CPU
		{40820130-782E-4E99-9B5C-55BD15519AC6}.Release|Any CPU.Build.0 = Release|Any CPU
	EndGlobalSection
	GlobalSection(SolutionProperties) = preSolution
		HideSolutionNode = FALSE
	EndGlobalSection
	GlobalSection(ExtensibilityGlobals) = postSolution
		SolutionGuid = {7E040151-9064-4597-8752-DBB066FD5F3D}
	EndGlobalSection
EndGlobal
